// !$*UTF8*$!
{
	archiveVersion = 1;
	classes = {
	};
	objectVersion = 56;
	objects = {

/* Begin PBXBuildFile section */
		6D2104C52C1AC84E006EA836 /* APIRequest.swift in Sources */ = {isa = PBXBuildFile; fileRef = 6D2104C42C1AC84E006EA836 /* APIRequest.swift */; };
		6D2104C72C1ACA3D006EA836 /* PostRequest.swift in Sources */ = {isa = PBXBuildFile; fileRef = 6D2104C62C1ACA3D006EA836 /* PostRequest.swift */; };
		6D2104C92C1ACCEB006EA836 /* APIClient.swift in Sources */ = {isa = PBXBuildFile; fileRef = 6D2104C82C1ACCEB006EA836 /* APIClient.swift */; };
		6D2104CB2C1ACE28006EA836 /* APIEnvironment.swift in Sources */ = {isa = PBXBuildFile; fileRef = 6D2104CA2C1ACE28006EA836 /* APIEnvironment.swift */; };
		6D5754772C305F7700D5C9B0 /* Swifter in Frameworks */ = {isa = PBXBuildFile; productRef = 6D5754762C305F7700D5C9B0 /* Swifter */; };
		6DA9C1B52C19A3D200D14CFB /* PetBuddyApp.swift in Sources */ = {isa = PBXBuildFile; fileRef = 6DA9C1B42C19A3D200D14CFB /* PetBuddyApp.swift */; };
		6DA9C1B72C19A3D200D14CFB /* ContentView.swift in Sources */ = {isa = PBXBuildFile; fileRef = 6DA9C1B62C19A3D200D14CFB /* ContentView.swift */; };
		6DA9C1B92C19A3D400D14CFB /* Assets.xcassets in Resources */ = {isa = PBXBuildFile; fileRef = 6DA9C1B82C19A3D400D14CFB /* Assets.xcassets */; };
		6DA9C1BC2C19A3D400D14CFB /* Preview Assets.xcassets in Resources */ = {isa = PBXBuildFile; fileRef = 6DA9C1BB2C19A3D400D14CFB /* Preview Assets.xcassets */; };
		6DA9C1D02C19A3D400D14CFB /* PetBuddyUITests.swift in Sources */ = {isa = PBXBuildFile; fileRef = 6DA9C1CF2C19A3D400D14CFB /* PetBuddyUITests.swift */; };
		6DA9C1D22C19A3D400D14CFB /* PetBuddyUITestsLaunchTests.swift in Sources */ = {isa = PBXBuildFile; fileRef = 6DA9C1D12C19A3D400D14CFB /* PetBuddyUITestsLaunchTests.swift */; };
		6DA9C1DF2C19A3DF00D14CFB /* Post.swift in Sources */ = {isa = PBXBuildFile; fileRef = 6DA9C1DE2C19A3DF00D14CFB /* Post.swift */; };
		6DF81A592C20290300315441 /* PostRequestTests.swift in Sources */ = {isa = PBXBuildFile; fileRef = 6DF81A582C20290300315441 /* PostRequestTests.swift */; };
		6DF81A5B2C20296500315441 /* JsonData.swift in Sources */ = {isa = PBXBuildFile; fileRef = 6DF81A5A2C20296500315441 /* JsonData.swift */; };
		6DF81A5D2C20341200315441 /* APIClientTests.swift in Sources */ = {isa = PBXBuildFile; fileRef = 6DF81A5C2C20341200315441 /* APIClientTests.swift */; };
/* End PBXBuildFile section */

/* Begin PBXContainerItemProxy section */
		6DA9C1C22C19A3D400D14CFB /* PBXContainerItemProxy */ = {
			isa = PBXContainerItemProxy;
			containerPortal = 6DA9C1A92C19A3D200D14CFB /* Project object */;
			proxyType = 1;
			remoteGlobalIDString = 6DA9C1B02C19A3D200D14CFB;
			remoteInfo = PetBuddy;
		};
		6DA9C1CC2C19A3D400D14CFB /* PBXContainerItemProxy */ = {
			isa = PBXContainerItemProxy;
			containerPortal = 6DA9C1A92C19A3D200D14CFB /* Project object */;
			proxyType = 1;
			remoteGlobalIDString = 6DA9C1B02C19A3D200D14CFB;
			remoteInfo = PetBuddy;
		};
/* End PBXContainerItemProxy section */

/* Begin PBXFileReference section */
		6D2104C42C1AC84E006EA836 /* APIRequest.swift */ = {isa = PBXFileReference; indentWidth = 4; lastKnownFileType = sourcecode.swift; path = APIRequest.swift; sourceTree = "<group>"; };
		6D2104C62C1ACA3D006EA836 /* PostRequest.swift */ = {isa = PBXFileReference; lastKnownFileType = sourcecode.swift; path = PostRequest.swift; sourceTree = "<group>"; };
		6D2104C82C1ACCEB006EA836 /* APIClient.swift */ = {isa = PBXFileReference; lastKnownFileType = sourcecode.swift; path = APIClient.swift; sourceTree = "<group>"; };
		6D2104CA2C1ACE28006EA836 /* APIEnvironment.swift */ = {isa = PBXFileReference; lastKnownFileType = sourcecode.swift; path = APIEnvironment.swift; sourceTree = "<group>"; };
		6DA9C1B12C19A3D200D14CFB /* PetBuddy.app */ = {isa = PBXFileReference; explicitFileType = wrapper.application; includeInIndex = 0; path = PetBuddy.app; sourceTree = BUILT_PRODUCTS_DIR; };
		6DA9C1B42C19A3D200D14CFB /* PetBuddyApp.swift */ = {isa = PBXFileReference; lastKnownFileType = sourcecode.swift; path = PetBuddyApp.swift; sourceTree = "<group>"; };
		6DA9C1B62C19A3D200D14CFB /* ContentView.swift */ = {isa = PBXFileReference; lastKnownFileType = sourcecode.swift; path = ContentView.swift; sourceTree = "<group>"; };
		6DA9C1B82C19A3D400D14CFB /* Assets.xcassets */ = {isa = PBXFileReference; lastKnownFileType = folder.assetcatalog; path = Assets.xcassets; sourceTree = "<group>"; };
		6DA9C1BB2C19A3D400D14CFB /* Preview Assets.xcassets */ = {isa = PBXFileReference; lastKnownFileType = folder.assetcatalog; path = "Preview Assets.xcassets"; sourceTree = "<group>"; };
		6DA9C1C12C19A3D400D14CFB /* PetBuddyTests.xctest */ = {isa = PBXFileReference; explicitFileType = wrapper.cfbundle; includeInIndex = 0; path = PetBuddyTests.xctest; sourceTree = BUILT_PRODUCTS_DIR; };
		6DA9C1CB2C19A3D400D14CFB /* PetBuddyUITests.xctest */ = {isa = PBXFileReference; explicitFileType = wrapper.cfbundle; includeInIndex = 0; path = PetBuddyUITests.xctest; sourceTree = BUILT_PRODUCTS_DIR; };
		6DA9C1CF2C19A3D400D14CFB /* PetBuddyUITests.swift */ = {isa = PBXFileReference; lastKnownFileType = sourcecode.swift; path = PetBuddyUITests.swift; sourceTree = "<group>"; };
		6DA9C1D12C19A3D400D14CFB /* PetBuddyUITestsLaunchTests.swift */ = {isa = PBXFileReference; lastKnownFileType = sourcecode.swift; path = PetBuddyUITestsLaunchTests.swift; sourceTree = "<group>"; };
		6DA9C1DE2C19A3DF00D14CFB /* Post.swift */ = {isa = PBXFileReference; lastKnownFileType = sourcecode.swift; path = Post.swift; sourceTree = "<group>"; };
		6DF81A582C20290300315441 /* PostRequestTests.swift */ = {isa = PBXFileReference; lastKnownFileType = sourcecode.swift; path = PostRequestTests.swift; sourceTree = "<group>"; };
		6DF81A5A2C20296500315441 /* JsonData.swift */ = {isa = PBXFileReference; lastKnownFileType = sourcecode.swift; path = JsonData.swift; sourceTree = "<group>"; };
		6DF81A5C2C20341200315441 /* APIClientTests.swift */ = {isa = PBXFileReference; lastKnownFileType = sourcecode.swift; path = APIClientTests.swift; sourceTree = "<group>"; };
/* End PBXFileReference section */

/* Begin PBXFrameworksBuildPhase section */
		6DA9C1AE2C19A3D200D14CFB /* Frameworks */ = {
			isa = PBXFrameworksBuildPhase;
			buildActionMask = 2147483647;
			files = (
				6D5754772C305F7700D5C9B0 /* Swifter in Frameworks */,
			);
			runOnlyForDeploymentPostprocessing = 0;
		};
		6DA9C1BE2C19A3D400D14CFB /* Frameworks */ = {
			isa = PBXFrameworksBuildPhase;
			buildActionMask = 2147483647;
			files = (
			);
			runOnlyForDeploymentPostprocessing = 0;
		};
		6DA9C1C82C19A3D400D14CFB /* Frameworks */ = {
			isa = PBXFrameworksBuildPhase;
			buildActionMask = 2147483647;
			files = (
			);
			runOnlyForDeploymentPostprocessing = 0;
		};
/* End PBXFrameworksBuildPhase section */

/* Begin PBXGroup section */
		6D57546F2C30597300D5C9B0 /* UI */ = {
			isa = PBXGroup;
			children = (
				6DA9C1B62C19A3D200D14CFB /* ContentView.swift */,
			);
			path = UI;
			sourceTree = "<group>";
		};
		6D5754702C30597D00D5C9B0 /* Models */ = {
			isa = PBXGroup;
			children = (
				6DA9C1DE2C19A3DF00D14CFB /* Post.swift */,
			);
			path = Models;
			sourceTree = "<group>";
		};
		6D5754712C30599600D5C9B0 /* Requests */ = {
			isa = PBXGroup;
			children = (
				6D2104C62C1ACA3D006EA836 /* PostRequest.swift */,
			);
			path = Requests;
			sourceTree = "<group>";
		};
		6D5754722C3059AF00D5C9B0 /* Network Engine */ = {
			isa = PBXGroup;
			children = (
				6D2104C82C1ACCEB006EA836 /* APIClient.swift */,
				6D2104C42C1AC84E006EA836 /* APIRequest.swift */,
				6D2104CA2C1ACE28006EA836 /* APIEnvironment.swift */,
			);
			path = "Network Engine";
			sourceTree = "<group>";
		};
		6D5754732C305A2200D5C9B0 /* Service Layer */ = {
			isa = PBXGroup;
			children = (
				6D5754702C30597D00D5C9B0 /* Models */,
				6D5754722C3059AF00D5C9B0 /* Network Engine */,
				6D5754712C30599600D5C9B0 /* Requests */,
			);
			path = "Service Layer";
			sourceTree = "<group>";
		};
		6D5754742C305A6100D5C9B0 /* Supporting Files */ = {
			isa = PBXGroup;
			children = (
				6DA9C1B42C19A3D200D14CFB /* PetBuddyApp.swift */,
				6DA9C1B82C19A3D400D14CFB /* Assets.xcassets */,
			);
			path = "Supporting Files";
			sourceTree = "<group>";
		};
		6DA9C1A82C19A3D200D14CFB = {
			isa = PBXGroup;
			children = (
				6DA9C1B32C19A3D200D14CFB /* PetBuddy */,
				6DA9C1C42C19A3D400D14CFB /* PetBuddyTests */,
				6DA9C1CE2C19A3D400D14CFB /* PetBuddyUITests */,
				6DA9C1B22C19A3D200D14CFB /* Products */,
			);
			sourceTree = "<group>";
		};
		6DA9C1B22C19A3D200D14CFB /* Products */ = {
			isa = PBXGroup;
			children = (
				6DA9C1B12C19A3D200D14CFB /* PetBuddy.app */,
				6DA9C1C12C19A3D400D14CFB /* PetBuddyTests.xctest */,
				6DA9C1CB2C19A3D400D14CFB /* PetBuddyUITests.xctest */,
			);
			name = Products;
			sourceTree = "<group>";
		};
		6DA9C1B32C19A3D200D14CFB /* PetBuddy */ = {
			isa = PBXGroup;
			children = (
				6D57546F2C30597300D5C9B0 /* UI */,
				6D5754732C305A2200D5C9B0 /* Service Layer */,
				6D5754742C305A6100D5C9B0 /* Supporting Files */,
				6DA9C1BA2C19A3D400D14CFB /* Preview Content */,
			);
			path = PetBuddy;
			sourceTree = "<group>";
		};
		6DA9C1BA2C19A3D400D14CFB /* Preview Content */ = {
			isa = PBXGroup;
			children = (
				6DA9C1BB2C19A3D400D14CFB /* Preview Assets.xcassets */,
			);
			path = "Preview Content";
			sourceTree = "<group>";
		};
		6DA9C1C42C19A3D400D14CFB /* PetBuddyTests */ = {
			isa = PBXGroup;
			children = (
				6DF81A582C20290300315441 /* PostRequestTests.swift */,
				6DF81A5A2C20296500315441 /* JsonData.swift */,
				6DF81A5C2C20341200315441 /* APIClientTests.swift */,
			);
			path = PetBuddyTests;
			sourceTree = "<group>";
		};
		6DA9C1CE2C19A3D400D14CFB /* PetBuddyUITests */ = {
			isa = PBXGroup;
			children = (
				6DA9C1CF2C19A3D400D14CFB /* PetBuddyUITests.swift */,
				6DA9C1D12C19A3D400D14CFB /* PetBuddyUITestsLaunchTests.swift */,
			);
			path = PetBuddyUITests;
			sourceTree = "<group>";
		};
/* End PBXGroup section */

/* Begin PBXNativeTarget section */
		6DA9C1B02C19A3D200D14CFB /* PetBuddy */ = {
			isa = PBXNativeTarget;
			buildConfigurationList = 6DA9C1D52C19A3D400D14CFB /* Build configuration list for PBXNativeTarget "PetBuddy" */;
			buildPhases = (
				6DA9C1AD2C19A3D200D14CFB /* Sources */,
				6DA9C1AE2C19A3D200D14CFB /* Frameworks */,
				6DA9C1AF2C19A3D200D14CFB /* Resources */,
			);
			buildRules = (
			);
			dependencies = (
			);
			name = PetBuddy;
			packageProductDependencies = (
				6D5754762C305F7700D5C9B0 /* Swifter */,
			);
			productName = PetBuddy;
			productReference = 6DA9C1B12C19A3D200D14CFB /* PetBuddy.app */;
			productType = "com.apple.product-type.application";
		};
		6DA9C1C02C19A3D400D14CFB /* PetBuddyTests */ = {
			isa = PBXNativeTarget;
			buildConfigurationList = 6DA9C1D82C19A3D400D14CFB /* Build configuration list for PBXNativeTarget "PetBuddyTests" */;
			buildPhases = (
				6DA9C1BD2C19A3D400D14CFB /* Sources */,
				6DA9C1BE2C19A3D400D14CFB /* Frameworks */,
				6DA9C1BF2C19A3D400D14CFB /* Resources */,
			);
			buildRules = (
			);
			dependencies = (
				6DA9C1C32C19A3D400D14CFB /* PBXTargetDependency */,
			);
			name = PetBuddyTests;
			productName = PetBuddyTests;
			productReference = 6DA9C1C12C19A3D400D14CFB /* PetBuddyTests.xctest */;
			productType = "com.apple.product-type.bundle.unit-test";
		};
		6DA9C1CA2C19A3D400D14CFB /* PetBuddyUITests */ = {
			isa = PBXNativeTarget;
			buildConfigurationList = 6DA9C1DB2C19A3D400D14CFB /* Build configuration list for PBXNativeTarget "PetBuddyUITests" */;
			buildPhases = (
				6DA9C1C72C19A3D400D14CFB /* Sources */,
				6DA9C1C82C19A3D400D14CFB /* Frameworks */,
				6DA9C1C92C19A3D400D14CFB /* Resources */,
			);
			buildRules = (
			);
			dependencies = (
				6DA9C1CD2C19A3D400D14CFB /* PBXTargetDependency */,
			);
			name = PetBuddyUITests;
			productName = PetBuddyUITests;
			productReference = 6DA9C1CB2C19A3D400D14CFB /* PetBuddyUITests.xctest */;
			productType = "com.apple.product-type.bundle.ui-testing";
		};
/* End PBXNativeTarget section */

/* Begin PBXProject section */
		6DA9C1A92C19A3D200D14CFB /* Project object */ = {
			isa = PBXProject;
			attributes = {
				BuildIndependentTargetsInParallel = 1;
				LastSwiftUpdateCheck = 1410;
				LastUpgradeCheck = 1410;
				TargetAttributes = {
					6DA9C1B02C19A3D200D14CFB = {
						CreatedOnToolsVersion = 14.1;
					};
					6DA9C1C02C19A3D400D14CFB = {
						CreatedOnToolsVersion = 14.1;
						LastSwiftMigration = 1410;
						TestTargetID = 6DA9C1B02C19A3D200D14CFB;
					};
					6DA9C1CA2C19A3D400D14CFB = {
						CreatedOnToolsVersion = 14.1;
						TestTargetID = 6DA9C1B02C19A3D200D14CFB;
					};
				};
			};
			buildConfigurationList = 6DA9C1AC2C19A3D200D14CFB /* Build configuration list for PBXProject "PetBuddy" */;
			compatibilityVersion = "Xcode 14.0";
			developmentRegion = en;
			hasScannedForEncodings = 0;
			knownRegions = (
				en,
				Base,
			);
			mainGroup = 6DA9C1A82C19A3D200D14CFB;
			packageReferences = (
				6D5754752C305F7700D5C9B0 /* XCRemoteSwiftPackageReference "swifter" */,
			);
			productRefGroup = 6DA9C1B22C19A3D200D14CFB /* Products */;
			projectDirPath = "";
			projectRoot = "";
			targets = (
				6DA9C1B02C19A3D200D14CFB /* PetBuddy */,
				6DA9C1C02C19A3D400D14CFB /* PetBuddyTests */,
				6DA9C1CA2C19A3D400D14CFB /* PetBuddyUITests */,
			);
		};
/* End PBXProject section */

/* Begin PBXResourcesBuildPhase section */
		6DA9C1AF2C19A3D200D14CFB /* Resources */ = {
			isa = PBXResourcesBuildPhase;
			buildActionMask = 2147483647;
			files = (
				6DA9C1BC2C19A3D400D14CFB /* Preview Assets.xcassets in Resources */,
				6DA9C1B92C19A3D400D14CFB /* Assets.xcassets in Resources */,
			);
			runOnlyForDeploymentPostprocessing = 0;
		};
		6DA9C1BF2C19A3D400D14CFB /* Resources */ = {
			isa = PBXResourcesBuildPhase;
			buildActionMask = 2147483647;
			files = (
			);
			runOnlyForDeploymentPostprocessing = 0;
		};
		6DA9C1C92C19A3D400D14CFB /* Resources */ = {
			isa = PBXResourcesBuildPhase;
			buildActionMask = 2147483647;
			files = (
			);
			runOnlyForDeploymentPostprocessing = 0;
		};
/* End PBXResourcesBuildPhase section */

/* Begin PBXSourcesBuildPhase section */
		6DA9C1AD2C19A3D200D14CFB /* Sources */ = {
			isa = PBXSourcesBuildPhase;
			buildActionMask = 2147483647;
			files = (
				6DA9C1DF2C19A3DF00D14CFB /* Post.swift in Sources */,
				6DA9C1B72C19A3D200D14CFB /* ContentView.swift in Sources */,
				6D2104CB2C1ACE28006EA836 /* APIEnvironment.swift in Sources */,
				6D2104C72C1ACA3D006EA836 /* PostRequest.swift in Sources */,
				6D2104C52C1AC84E006EA836 /* APIRequest.swift in Sources */,
				6DA9C1B52C19A3D200D14CFB /* PetBuddyApp.swift in Sources */,
				6D2104C92C1ACCEB006EA836 /* APIClient.swift in Sources */,
			);
			runOnlyForDeploymentPostprocessing = 0;
		};
		6DA9C1BD2C19A3D400D14CFB /* Sources */ = {
			isa = PBXSourcesBuildPhase;
			buildActionMask = 2147483647;
			files = (
				6DF81A5D2C20341200315441 /* APIClientTests.swift in Sources */,
				6DF81A592C20290300315441 /* PostRequestTests.swift in Sources */,
				6DF81A5B2C20296500315441 /* JsonData.swift in Sources */,
			);
			runOnlyForDeploymentPostprocessing = 0;
		};
		6DA9C1C72C19A3D400D14CFB /* Sources */ = {
			isa = PBXSourcesBuildPhase;
			buildActionMask = 2147483647;
			files = (
				6DA9C1D22C19A3D400D14CFB /* PetBuddyUITestsLaunchTests.swift in Sources */,
				6DA9C1D02C19A3D400D14CFB /* PetBuddyUITests.swift in Sources */,
			);
			runOnlyForDeploymentPostprocessing = 0;
		};
/* End PBXSourcesBuildPhase section */

/* Begin PBXTargetDependency section */
		6DA9C1C32C19A3D400D14CFB /* PBXTargetDependency */ = {
			isa = PBXTargetDependency;
			target = 6DA9C1B02C19A3D200D14CFB /* PetBuddy */;
			targetProxy = 6DA9C1C22C19A3D400D14CFB /* PBXContainerItemProxy */;
		};
		6DA9C1CD2C19A3D400D14CFB /* PBXTargetDependency */ = {
			isa = PBXTargetDependency;
			target = 6DA9C1B02C19A3D200D14CFB /* PetBuddy */;
			targetProxy = 6DA9C1CC2C19A3D400D14CFB /* PBXContainerItemProxy */;
		};
/* End PBXTargetDependency section */

/* Begin XCBuildConfiguration section */
		6DA9C1D32C19A3D400D14CFB /* Debug */ = {
			isa = XCBuildConfiguration;
			buildSettings = {
				ALWAYS_SEARCH_USER_PATHS = NO;
				CLANG_ANALYZER_NONNULL = YES;
				CLANG_ANALYZER_NUMBER_OBJECT_CONVERSION = YES_AGGRESSIVE;
				CLANG_CXX_LANGUAGE_STANDARD = "gnu++20";
				CLANG_ENABLE_MODULES = YES;
				CLANG_ENABLE_OBJC_ARC = YES;
				CLANG_ENABLE_OBJC_WEAK = YES;
				CLANG_WARN_BLOCK_CAPTURE_AUTORELEASING = YES;
				CLANG_WARN_BOOL_CONVERSION = YES;
				CLANG_WARN_COMMA = YES;
				CLANG_WARN_CONSTANT_CONVERSION = YES;
				CLANG_WARN_DEPRECATED_OBJC_IMPLEMENTATIONS = YES;
				CLANG_WARN_DIRECT_OBJC_ISA_USAGE = YES_ERROR;
				CLANG_WARN_DOCUMENTATION_COMMENTS = YES;
				CLANG_WARN_EMPTY_BODY = YES;
				CLANG_WARN_ENUM_CONVERSION = YES;
				CLANG_WARN_INFINITE_RECURSION = YES;
				CLANG_WARN_INT_CONVERSION = YES;
				CLANG_WARN_NON_LITERAL_NULL_CONVERSION = YES;
				CLANG_WARN_OBJC_IMPLICIT_RETAIN_SELF = YES;
				CLANG_WARN_OBJC_LITERAL_CONVERSION = YES;
				CLANG_WARN_OBJC_ROOT_CLASS = YES_ERROR;
				CLANG_WARN_QUOTED_INCLUDE_IN_FRAMEWORK_HEADER = YES;
				CLANG_WARN_RANGE_LOOP_ANALYSIS = YES;
				CLANG_WARN_STRICT_PROTOTYPES = YES;
				CLANG_WARN_SUSPICIOUS_MOVE = YES;
				CLANG_WARN_UNGUARDED_AVAILABILITY = YES_AGGRESSIVE;
				CLANG_WARN_UNREACHABLE_CODE = YES;
				CLANG_WARN__DUPLICATE_METHOD_MATCH = YES;
				COPY_PHASE_STRIP = NO;
				DEBUG_INFORMATION_FORMAT = dwarf;
				ENABLE_STRICT_OBJC_MSGSEND = YES;
				ENABLE_TESTABILITY = YES;
				GCC_C_LANGUAGE_STANDARD = gnu11;
				GCC_DYNAMIC_NO_PIC = NO;
				GCC_NO_COMMON_BLOCKS = YES;
				GCC_OPTIMIZATION_LEVEL = 0;
				GCC_PREPROCESSOR_DEFINITIONS = (
					"DEBUG=1",
					"$(inherited)",
				);
				GCC_WARN_64_TO_32_BIT_CONVERSION = YES;
				GCC_WARN_ABOUT_RETURN_TYPE = YES_ERROR;
				GCC_WARN_UNDECLARED_SELECTOR = YES;
				GCC_WARN_UNINITIALIZED_AUTOS = YES_AGGRESSIVE;
				GCC_WARN_UNUSED_FUNCTION = YES;
				GCC_WARN_UNUSED_VARIABLE = YES;
				IPHONEOS_DEPLOYMENT_TARGET = 16.1;
				MTL_ENABLE_DEBUG_INFO = INCLUDE_SOURCE;
				MTL_FAST_MATH = YES;
				ONLY_ACTIVE_ARCH = YES;
				SDKROOT = iphoneos;
				SWIFT_ACTIVE_COMPILATION_CONDITIONS = DEBUG;
				SWIFT_OPTIMIZATION_LEVEL = "-Onone";
			};
			name = Debug;
		};
		6DA9C1D42C19A3D400D14CFB /* Release */ = {
			isa = XCBuildConfiguration;
			buildSettings = {
				ALWAYS_SEARCH_USER_PATHS = NO;
				CLANG_ANALYZER_NONNULL = YES;
				CLANG_ANALYZER_NUMBER_OBJECT_CONVERSION = YES_AGGRESSIVE;
				CLANG_CXX_LANGUAGE_STANDARD = "gnu++20";
				CLANG_ENABLE_MODULES = YES;
				CLANG_ENABLE_OBJC_ARC = YES;
				CLANG_ENABLE_OBJC_WEAK = YES;
				CLANG_WARN_BLOCK_CAPTURE_AUTORELEASING = YES;
				CLANG_WARN_BOOL_CONVERSION = YES;
				CLANG_WARN_COMMA = YES;
				CLANG_WARN_CONSTANT_CONVERSION = YES;
				CLANG_WARN_DEPRECATED_OBJC_IMPLEMENTATIONS = YES;
				CLANG_WARN_DIRECT_OBJC_ISA_USAGE = YES_ERROR;
				CLANG_WARN_DOCUMENTATION_COMMENTS = YES;
				CLANG_WARN_EMPTY_BODY = YES;
				CLANG_WARN_ENUM_CONVERSION = YES;
				CLANG_WARN_INFINITE_RECURSION = YES;
				CLANG_WARN_INT_CONVERSION = YES;
				CLANG_WARN_NON_LITERAL_NULL_CONVERSION = YES;
				CLANG_WARN_OBJC_IMPLICIT_RETAIN_SELF = YES;
				CLANG_WARN_OBJC_LITERAL_CONVERSION = YES;
				CLANG_WARN_OBJC_ROOT_CLASS = YES_ERROR;
				CLANG_WARN_QUOTED_INCLUDE_IN_FRAMEWORK_HEADER = YES;
				CLANG_WARN_RANGE_LOOP_ANALYSIS = YES;
				CLANG_WARN_STRICT_PROTOTYPES = YES;
				CLANG_WARN_SUSPICIOUS_MOVE = YES;
				CLANG_WARN_UNGUARDED_AVAILABILITY = YES_AGGRESSIVE;
				CLANG_WARN_UNREACHABLE_CODE = YES;
				CLANG_WARN__DUPLICATE_METHOD_MATCH = YES;
				COPY_PHASE_STRIP = NO;
				DEBUG_INFORMATION_FORMAT = "dwarf-with-dsym";
				ENABLE_NS_ASSERTIONS = NO;
				ENABLE_STRICT_OBJC_MSGSEND = YES;
				GCC_C_LANGUAGE_STANDARD = gnu11;
				GCC_NO_COMMON_BLOCKS = YES;
				GCC_WARN_64_TO_32_BIT_CONVERSION = YES;
				GCC_WARN_ABOUT_RETURN_TYPE = YES_ERROR;
				GCC_WARN_UNDECLARED_SELECTOR = YES;
				GCC_WARN_UNINITIALIZED_AUTOS = YES_AGGRESSIVE;
				GCC_WARN_UNUSED_FUNCTION = YES;
				GCC_WARN_UNUSED_VARIABLE = YES;
				IPHONEOS_DEPLOYMENT_TARGET = 16.1;
				MTL_ENABLE_DEBUG_INFO = NO;
				MTL_FAST_MATH = YES;
				SDKROOT = iphoneos;
				SWIFT_COMPILATION_MODE = wholemodule;
				SWIFT_OPTIMIZATION_LEVEL = "-O";
				VALIDATE_PRODUCT = YES;
			};
			name = Release;
		};
		6DA9C1D62C19A3D400D14CFB /* Debug */ = {
			isa = XCBuildConfiguration;
			buildSettings = {
				ASSETCATALOG_COMPILER_APPICON_NAME = AppIcon;
				ASSETCATALOG_COMPILER_GLOBAL_ACCENT_COLOR_NAME = AccentColor;
				CODE_SIGN_STYLE = Automatic;
				CURRENT_PROJECT_VERSION = 1;
				DEVELOPMENT_ASSET_PATHS = "\"PetBuddy/Preview Content\"";
				ENABLE_PREVIEWS = YES;
				GENERATE_INFOPLIST_FILE = YES;
				INFOPLIST_KEY_UIApplicationSceneManifest_Generation = YES;
				INFOPLIST_KEY_UIApplicationSupportsIndirectInputEvents = YES;
				INFOPLIST_KEY_UILaunchScreen_Generation = YES;
				INFOPLIST_KEY_UISupportedInterfaceOrientations_iPad = "UIInterfaceOrientationPortrait UIInterfaceOrientationPortraitUpsideDown UIInterfaceOrientationLandscapeLeft UIInterfaceOrientationLandscapeRight";
				INFOPLIST_KEY_UISupportedInterfaceOrientations_iPhone = "UIInterfaceOrientationPortrait UIInterfaceOrientationLandscapeLeft UIInterfaceOrientationLandscapeRight";
				LD_RUNPATH_SEARCH_PATHS = (
					"$(inherited)",
					"@executable_path/Frameworks",
				);
				MARKETING_VERSION = 1.0;
				PRODUCT_BUNDLE_IDENTIFIER = atallah.PetBuddy;
				PRODUCT_NAME = "$(TARGET_NAME)";
				SWIFT_EMIT_LOC_STRINGS = YES;
				SWIFT_VERSION = 5.0;
				TARGETED_DEVICE_FAMILY = "1,2";
			};
			name = Debug;
		};
		6DA9C1D72C19A3D400D14CFB /* Release */ = {
			isa = XCBuildConfiguration;
			buildSettings = {
				ASSETCATALOG_COMPILER_APPICON_NAME = AppIcon;
				ASSETCATALOG_COMPILER_GLOBAL_ACCENT_COLOR_NAME = AccentColor;
				CODE_SIGN_STYLE = Automatic;
				CURRENT_PROJECT_VERSION = 1;
				DEVELOPMENT_ASSET_PATHS = "\"PetBuddy/Preview Content\"";
				ENABLE_PREVIEWS = YES;
				GENERATE_INFOPLIST_FILE = YES;
				INFOPLIST_KEY_UIApplicationSceneManifest_Generation = YES;
				INFOPLIST_KEY_UIApplicationSupportsIndirectInputEvents = YES;
				INFOPLIST_KEY_UILaunchScreen_Generation = YES;
				INFOPLIST_KEY_UISupportedInterfaceOrientations_iPad = "UIInterfaceOrientationPortrait UIInterfaceOrientationPortraitUpsideDown UIInterfaceOrientationLandscapeLeft UIInterfaceOrientationLandscapeRight";
				INFOPLIST_KEY_UISupportedInterfaceOrientations_iPhone = "UIInterfaceOrientationPortrait UIInterfaceOrientationLandscapeLeft UIInterfaceOrientationLandscapeRight";
				LD_RUNPATH_SEARCH_PATHS = (
					"$(inherited)",
					"@executable_path/Frameworks",
				);
				MARKETING_VERSION = 1.0;
				PRODUCT_BUNDLE_IDENTIFIER = atallah.PetBuddy;
				PRODUCT_NAME = "$(TARGET_NAME)";
				SWIFT_EMIT_LOC_STRINGS = YES;
				SWIFT_VERSION = 5.0;
				TARGETED_DEVICE_FAMILY = "1,2";
			};
			name = Release;
		};
		6DA9C1D92C19A3D400D14CFB /* Debug */ = {
			isa = XCBuildConfiguration;
			buildSettings = {
				ALWAYS_EMBED_SWIFT_STANDARD_LIBRARIES = YES;
				BUNDLE_LOADER = "$(TEST_HOST)";
				CLANG_ENABLE_MODULES = YES;
				CODE_SIGN_STYLE = Automatic;
				CURRENT_PROJECT_VERSION = 1;
				GENERATE_INFOPLIST_FILE = YES;
				IPHONEOS_DEPLOYMENT_TARGET = 16.1;
				LD_RUNPATH_SEARCH_PATHS = (
					"$(inherited)",
					"@executable_path/Frameworks",
					"@loader_path/Frameworks",
				);
				MARKETING_VERSION = 1.0;
				PRODUCT_BUNDLE_IDENTIFIER = atallah.PetBuddyTests;
				PRODUCT_NAME = "$(TARGET_NAME)";
				SWIFT_EMIT_LOC_STRINGS = NO;
				SWIFT_OPTIMIZATION_LEVEL = "-Onone";
				SWIFT_VERSION = 5.0;
				TARGETED_DEVICE_FAMILY = "1,2";
				TEST_HOST = "$(BUILT_PRODUCTS_DIR)/PetBuddy.app/$(BUNDLE_EXECUTABLE_FOLDER_PATH)/PetBuddy";
			};
			name = Debug;
		};
		6DA9C1DA2C19A3D400D14CFB /* Release */ = {
			isa = XCBuildConfiguration;
			buildSettings = {
				ALWAYS_EMBED_SWIFT_STANDARD_LIBRARIES = YES;
				BUNDLE_LOADER = "$(TEST_HOST)";
				CLANG_ENABLE_MODULES = YES;
				CODE_SIGN_STYLE = Automatic;
				CURRENT_PROJECT_VERSION = 1;
				GENERATE_INFOPLIST_FILE = YES;
				IPHONEOS_DEPLOYMENT_TARGET = 16.1;
				LD_RUNPATH_SEARCH_PATHS = (
					"$(inherited)",
					"@executable_path/Frameworks",
					"@loader_path/Frameworks",
				);
				MARKETING_VERSION = 1.0;
				PRODUCT_BUNDLE_IDENTIFIER = atallah.PetBuddyTests;
				PRODUCT_NAME = "$(TARGET_NAME)";
				SWIFT_EMIT_LOC_STRINGS = NO;
				SWIFT_VERSION = 5.0;
				TARGETED_DEVICE_FAMILY = "1,2";
				TEST_HOST = "$(BUILT_PRODUCTS_DIR)/PetBuddy.app/$(BUNDLE_EXECUTABLE_FOLDER_PATH)/PetBuddy";
			};
			name = Release;
		};
		6DA9C1DC2C19A3D400D14CFB /* Debug */ = {
			isa = XCBuildConfiguration;
			buildSettings = {
				ALWAYS_EMBED_SWIFT_STANDARD_LIBRARIES = YES;
				CODE_SIGN_STYLE = Automatic;
				CURRENT_PROJECT_VERSION = 1;
				GENERATE_INFOPLIST_FILE = YES;
				MARKETING_VERSION = 1.0;
				PRODUCT_BUNDLE_IDENTIFIER = atallah.PetBuddyUITests;
				PRODUCT_NAME = "$(TARGET_NAME)";
				SWIFT_EMIT_LOC_STRINGS = NO;
				SWIFT_VERSION = 5.0;
				TARGETED_DEVICE_FAMILY = "1,2";
				TEST_TARGET_NAME = PetBuddy;
			};
			name = Debug;
		};
		6DA9C1DD2C19A3D400D14CFB /* Release */ = {
			isa = XCBuildConfiguration;
			buildSettings = {
				ALWAYS_EMBED_SWIFT_STANDARD_LIBRARIES = YES;
				CODE_SIGN_STYLE = Automatic;
				CURRENT_PROJECT_VERSION = 1;
				GENERATE_INFOPLIST_FILE = YES;
				MARKETING_VERSION = 1.0;
				PRODUCT_BUNDLE_IDENTIFIER = atallah.PetBuddyUITests;
				PRODUCT_NAME = "$(TARGET_NAME)";
				SWIFT_EMIT_LOC_STRINGS = NO;
				SWIFT_VERSION = 5.0;
				TARGETED_DEVICE_FAMILY = "1,2";
				TEST_TARGET_NAME = PetBuddy;
			};
			name = Release;
		};
/* End XCBuildConfiguration section */

/* Begin XCConfigurationList section */
		6DA9C1AC2C19A3D200D14CFB /* Build configuration list for PBXProject "PetBuddy" */ = {
			isa = XCConfigurationList;
			buildConfigurations = (
				6DA9C1D32C19A3D400D14CFB /* Debug */,
				6DA9C1D42C19A3D400D14CFB /* Release */,
			);
			defaultConfigurationIsVisible = 0;
			defaultConfigurationName = Release;
		};
		6DA9C1D52C19A3D400D14CFB /* Build configuration list for PBXNativeTarget "PetBuddy" */ = {
			isa = XCConfigurationList;
			buildConfigurations = (
				6DA9C1D62C19A3D400D14CFB /* Debug */,
				6DA9C1D72C19A3D400D14CFB /* Release */,
			);
			defaultConfigurationIsVisible = 0;
			defaultConfigurationName = Release;
		};
		6DA9C1D82C19A3D400D14CFB /* Build configuration list for PBXNativeTarget "PetBuddyTests" */ = {
			isa = XCConfigurationList;
			buildConfigurations = (
				6DA9C1D92C19A3D400D14CFB /* Debug */,
				6DA9C1DA2C19A3D400D14CFB /* Release */,
			);
			defaultConfigurationIsVisible = 0;
			defaultConfigurationName = Release;
		};
		6DA9C1DB2C19A3D400D14CFB /* Build configuration list for PBXNativeTarget "PetBuddyUITests" */ = {
			isa = XCConfigurationList;
			buildConfigurations = (
				6DA9C1DC2C19A3D400D14CFB /* Debug */,
				6DA9C1DD2C19A3D400D14CFB /* Release */,
			);
			defaultConfigurationIsVisible = 0;
			defaultConfigurationName = Release;
		};
/* End XCConfigurationList section */

/* Begin XCRemoteSwiftPackageReference section */
		6D5754752C305F7700D5C9B0 /* XCRemoteSwiftPackageReference "swifter" */ = {
			isa = XCRemoteSwiftPackageReference;
			repositoryURL = "https://github.com/httpswift/swifter.git";
			requirement = {
				branch = stable;
				kind = branch;
			};
		};
/* End XCRemoteSwiftPackageReference section */

/* Begin XCSwiftPackageProductDependency section */
		6D5754762C305F7700D5C9B0 /* Swifter */ = {
			isa = XCSwiftPackageProductDependency;
			package = 6D5754752C305F7700D5C9B0 /* XCRemoteSwiftPackageReference "swifter" */;
			productName = Swifter;
		};
/* End XCSwiftPackageProductDependency section */
	};
	rootObject = 6DA9C1A92C19A3D200D14CFB /* Project object */;
}
